// !$*UTF8*$!
{
	archiveVersion = 1;
	classes = {
	};
	objectVersion = 46;
	objects = {

/* Begin PBXBuildFile section */
		183E5BBB1F9C34E5001316C0 /* main.cpp in Sources */ = {isa = PBXBuildFile; fileRef = 183E5BBA1F9C34E5001316C0 /* main.cpp */; };
		183E5BC31F9C34F4001316C0 /* CoreVideo.framework in Frameworks */ = {isa = PBXBuildFile; fileRef = 183E5BC21F9C34F4001316C0 /* CoreVideo.framework */; };
		183E5BC51F9C3503001316C0 /* OpenGL.framework in Frameworks */ = {isa = PBXBuildFile; fileRef = 183E5BC41F9C3503001316C0 /* OpenGL.framework */; };
		183E5BC71F9C3508001316C0 /* Cocoa.framework in Frameworks */ = {isa = PBXBuildFile; fileRef = 183E5BC61F9C3508001316C0 /* Cocoa.framework */; };
		183E5BC91F9C3529001316C0 /* IOKit.framework in Frameworks */ = {isa = PBXBuildFile; fileRef = 183E5BC81F9C3529001316C0 /* IOKit.framework */; };
		183E5BCB1F9C3567001316C0 /* libGLEW.2.1.0.dylib in Frameworks */ = {isa = PBXBuildFile; fileRef = 183E5BCA1F9C3567001316C0 /* libGLEW.2.1.0.dylib */; };
		183E5BCF1F9C3584001316C0 /* libglfw3.a in Frameworks */ = {isa = PBXBuildFile; fileRef = 183E5BCE1F9C3584001316C0 /* libglfw3.a */; };
/* End PBXBuildFile section */

/* Begin PBXCopyFilesBuildPhase section */
		183E5BB51F9C34E5001316C0 /* CopyFiles */ = {
			isa = PBXCopyFilesBuildPhase;
			buildActionMask = 2147483647;
			dstPath = /usr/share/man/man1/;
			dstSubfolderSpec = 0;
			files = (
			);
			runOnlyForDeploymentPostprocessing = 1;
		};
/* End PBXCopyFilesBuildPhase section */

/* Begin PBXFileReference section */
		183E5BB71F9C34E5001316C0 /* MineCraft */ = {isa = PBXFileReference; explicitFileType = "compiled.mach-o.executable"; includeInIndex = 0; path = MineCraft; sourceTree = BUILT_PRODUCTS_DIR; };
		183E5BBA1F9C34E5001316C0 /* main.cpp */ = {isa = PBXFileReference; lastKnownFileType = sourcecode.cpp.cpp; path = main.cpp; sourceTree = "<group>"; };
		183E5BC21F9C34F4001316C0 /* CoreVideo.framework */ = {isa = PBXFileReference; lastKnownFileType = wrapper.framework; name = CoreVideo.framework; path = System/Library/Frameworks/CoreVideo.framework; sourceTree = SDKROOT; };
		183E5BC41F9C3503001316C0 /* OpenGL.framework */ = {isa = PBXFileReference; lastKnownFileType = wrapper.framework; name = OpenGL.framework; path = System/Library/Frameworks/OpenGL.framework; sourceTree = SDKROOT; };
		183E5BC61F9C3508001316C0 /* Cocoa.framework */ = {isa = PBXFileReference; lastKnownFileType = wrapper.framework; name = Cocoa.framework; path = System/Library/Frameworks/Cocoa.framework; sourceTree = SDKROOT; };
		183E5BC81F9C3529001316C0 /* IOKit.framework */ = {isa = PBXFileReference; lastKnownFileType = wrapper.framework; name = IOKit.framework; path = System/Library/Frameworks/IOKit.framework; sourceTree = SDKROOT; };
		183E5BCA1F9C3567001316C0 /* libGLEW.2.1.0.dylib */ = {isa = PBXFileReference; lastKnownFileType = "compiled.mach-o.dylib"; name = libGLEW.2.1.0.dylib; path = ../../../../usr/local/lib/libGLEW.2.1.0.dylib; sourceTree = "<group>"; };
		183E5BCC1F9C356F001316C0 /* lib */ = {isa = PBXFileReference; lastKnownFileType = folder; name = lib; path = ../../../../usr/local/lib; sourceTree = "<group>"; };
		183E5BCE1F9C3584001316C0 /* libglfw3.a */ = {isa = PBXFileReference; lastKnownFileType = archive.ar; name = libglfw3.a; path = ../../../../usr/local/lib/libglfw3.a; sourceTree = "<group>"; };
		183E5BD01F9C368F001316C0 /* Shader.hpp */ = {isa = PBXFileReference; fileEncoding = 4; lastKnownFileType = sourcecode.cpp.h; path = Shader.hpp; sourceTree = "<group>"; };
		183E5BD21F9C36F6001316C0 /* stb_image.h */ = {isa = PBXFileReference; fileEncoding = 4; lastKnownFileType = sourcecode.c.h; path = stb_image.h; sourceTree = "<group>"; };
/* End PBXFileReference section */

/* Begin PBXFrameworksBuildPhase section */
		183E5BB41F9C34E5001316C0 /* Frameworks */ = {
			isa = PBXFrameworksBuildPhase;
			buildActionMask = 2147483647;
			files = (
				183E5BCF1F9C3584001316C0 /* libglfw3.a in Frameworks */,
				183E5BCB1F9C3567001316C0 /* libGLEW.2.1.0.dylib in Frameworks */,
				183E5BC91F9C3529001316C0 /* IOKit.framework in Frameworks */,
				183E5BC71F9C3508001316C0 /* Cocoa.framework in Frameworks */,
				183E5BC51F9C3503001316C0 /* OpenGL.framework in Frameworks */,
				183E5BC31F9C34F4001316C0 /* CoreVideo.framework in Frameworks */,
			);
			runOnlyForDeploymentPostprocessing = 0;
		};
/* End PBXFrameworksBuildPhase section */

/* Begin PBXGroup section */
		183E5BAE1F9C34E5001316C0 = {
			isa = PBXGroup;
			children = (
				183E5BB91F9C34E5001316C0 /* MineCraft */,
				183E5BB81F9C34E5001316C0 /* Products */,
				183E5BC11F9C34F4001316C0 /* Frameworks */,
			);
			sourceTree = "<group>";
		};
		183E5BB81F9C34E5001316C0 /* Products */ = {
			isa = PBXGroup;
			children = (
				183E5BB71F9C34E5001316C0 /* MineCraft */,
			);
			name = Products;
			sourceTree = "<group>";
		};
		183E5BB91F9C34E5001316C0 /* MineCraft */ = {
			isa = PBXGroup;
			children = (
				183E5BD21F9C36F6001316C0 /* stb_image.h */,
				183E5BD01F9C368F001316C0 /* Shader.hpp */,
				183E5BBA1F9C34E5001316C0 /* main.cpp */,
			);
			path = MineCraft;
			sourceTree = "<group>";
		};
		183E5BC11F9C34F4001316C0 /* Frameworks */ = {
			isa = PBXGroup;
			children = (
				183E5BCE1F9C3584001316C0 /* libglfw3.a */,
				183E5BCC1F9C356F001316C0 /* lib */,
				183E5BCA1F9C3567001316C0 /* libGLEW.2.1.0.dylib */,
				183E5BC81F9C3529001316C0 /* IOKit.framework */,
				183E5BC61F9C3508001316C0 /* Cocoa.framework */,
				183E5BC41F9C3503001316C0 /* OpenGL.framework */,
				183E5BC21F9C34F4001316C0 /* CoreVideo.framework */,
			);
			name = Frameworks;
			sourceTree = "<group>";
		};
/* End PBXGroup section */

/* Begin PBXNativeTarget section */
		183E5BB61F9C34E5001316C0 /* MineCraft */ = {
			isa = PBXNativeTarget;
			buildConfigurationList = 183E5BBE1F9C34E5001316C0 /* Build configuration list for PBXNativeTarget "MineCraft" */;
			buildPhases = (
				183E5BB31F9C34E5001316C0 /* Sources */,
				183E5BB41F9C34E5001316C0 /* Frameworks */,
				183E5BB51F9C34E5001316C0 /* CopyFiles */,
			);
			buildRules = (
			);
			dependencies = (
			);
			name = MineCraft;
			productName = MineCraft;
			productReference = 183E5BB71F9C34E5001316C0 /* MineCraft */;
			productType = "com.apple.product-type.tool";
		};
/* End PBXNativeTarget section */

/* Begin PBXProject section */
		183E5BAF1F9C34E5001316C0 /* Project object */ = {
			isa = PBXProject;
			attributes = {
				LastUpgradeCheck = 0800;
				ORGANIZATIONNAME = apple;
				TargetAttributes = {
					183E5BB61F9C34E5001316C0 = {
						CreatedOnToolsVersion = 8.0;
						ProvisioningStyle = Automatic;
					};
				};
			};
			buildConfigurationList = 183E5BB21F9C34E5001316C0 /* Build configuration list for PBXProject "MineCraft" */;
			compatibilityVersion = "Xcode 3.2";
			developmentRegion = English;
			hasScannedForEncodings = 0;
			knownRegions = (
				en,
			);
			mainGroup = 183E5BAE1F9C34E5001316C0;
			productRefGroup = 183E5BB81F9C34E5001316C0 /* Products */;
			projectDirPath = "";
			projectRoot = "";
			targets = (
				183E5BB61F9C34E5001316C0 /* MineCraft */,
			);
		};
/* End PBXProject section */

/* Begin PBXSourcesBuildPhase section */
		183E5BB31F9C34E5001316C0 /* Sources */ = {
			isa = PBXSourcesBuildPhase;
			buildActionMask = 2147483647;
			files = (
				183E5BBB1F9C34E5001316C0 /* main.cpp in Sources */,
			);
			runOnlyForDeploymentPostprocessing = 0;
		};
/* End PBXSourcesBuildPhase section */

/* Begin XCBuildConfiguration section */
		183E5BBC1F9C34E5001316C0 /* Debug */ = {
			isa = XCBuildConfiguration;
			buildSettings = {
				ALWAYS_SEARCH_USER_PATHS = NO;
				CLANG_ANALYZER_NONNULL = YES;
				CLANG_CXX_LANGUAGE_STANDARD = "gnu++0x";
				CLANG_CXX_LIBRARY = "libc++";
				CLANG_ENABLE_MODULES = YES;
				CLANG_ENABLE_OBJC_ARC = YES;
				CLANG_WARN_BOOL_CONVERSION = YES;
				CLANG_WARN_CONSTANT_CONVERSION = YES;
				CLANG_WARN_DIRECT_OBJC_ISA_USAGE = YES_ERROR;
				CLANG_WARN_DOCUMENTATION_COMMENTS = YES;
				CLANG_WARN_EMPTY_BODY = YES;
				CLANG_WARN_ENUM_CONVERSION = YES;
				CLANG_WARN_INFINITE_RECURSION = YES;
				CLANG_WARN_INT_CONVERSION = YES;
				CLANG_WARN_OBJC_ROOT_CLASS = YES_ERROR;
				CLANG_WARN_SUSPICIOUS_MOVES = YES;
				CLANG_WARN_UNREACHABLE_CODE = YES;
				CLANG_WARN__DUPLICATE_METHOD_MATCH = YES;
				CODE_SIGN_IDENTITY = "-";
				COPY_PHASE_STRIP = NO;
				DEBUG_INFORMATION_FORMAT = dwarf;
				ENABLE_STRICT_OBJC_MSGSEND = YES;
				ENABLE_TESTABILITY = YES;
				GCC_C_LANGUAGE_STANDARD = gnu99;
				GCC_DYNAMIC_NO_PIC = NO;
				GCC_NO_COMMON_BLOCKS = YES;
				GCC_OPTIMIZATION_LEVEL = 0;
				GCC_PREPROCESSOR_DEFINITIONS = (
					"DEBUG=1",
					"$(inherited)",
				);
				GCC_WARN_64_TO_32_BIT_CONVERSION = YES;
				GCC_WARN_ABOUT_RETURN_TYPE = YES_ERROR;
				GCC_WARN_UNDECLARED_SELECTOR = YES;
				GCC_WARN_UNINITIALIZED_AUTOS = YES_AGGRESSIVE;
				GCC_WARN_UNUSED_FUNCTION = YES;
				GCC_WARN_UNUSED_VARIABLE = YES;
				MACOSX_DEPLOYMENT_TARGET = 10.11;
				MTL_ENABLE_DEBUG_INFO = YES;
				ONLY_ACTIVE_ARCH = YES;
				SDKROOT = macosx;
			};
			name = Debug;
		};
		183E5BBD1F9C34E5001316C0 /* Release */ = {
			isa = XCBuildConfiguration;
			buildSettings = {
				ALWAYS_SEARCH_USER_PATHS = NO;
				CLANG_ANALYZER_NONNULL = YES;
				CLANG_CXX_LANGUAGE_STANDARD = "gnu++0x";
				CLANG_CXX_LIBRARY = "libc++";
				CLANG_ENABLE_MODULES = YES;
				CLANG_ENABLE_OBJC_ARC = YES;
				CLANG_WARN_BOOL_CONVERSION = YES;
				CLANG_WARN_CONSTANT_CONVERSION = YES;
				CLANG_WARN_DIRECT_OBJC_ISA_USAGE = YES_ERROR;
				CLANG_WARN_DOCUMENTATION_COMMENTS = YES;
				CLANG_WARN_EMPTY_BODY = YES;
				CLANG_WARN_ENUM_CONVERSION = YES;
				CLANG_WARN_INFINITE_RECURSION = YES;
				CLANG_WARN_INT_CONVERSION = YES;
				CLANG_WARN_OBJC_ROOT_CLASS = YES_ERROR;
				CLANG_WARN_SUSPICIOUS_MOVES = YES;
				CLANG_WARN_UNREACHABLE_CODE = YES;
				CLANG_WARN__DUPLICATE_METHOD_MATCH = YES;
				CODE_SIGN_IDENTITY = "-";
				COPY_PHASE_STRIP = NO;
				DEBUG_INFORMATION_FORMAT = "dwarf-with-dsym";
				ENABLE_NS_ASSERTIONS = NO;
				ENABLE_STRICT_OBJC_MSGSEND = YES;
				GCC_C_LANGUAGE_STANDARD = gnu99;
				GCC_NO_COMMON_BLOCKS = YES;
				GCC_WARN_64_TO_32_BIT_CONVERSION = YES;
				GCC_WARN_ABOUT_RETURN_TYPE = YES_ERROR;
				GCC_WARN_UNDECLARED_SELECTOR = YES;
				GCC_WARN_UNINITIALIZED_AUTOS = YES_AGGRESSIVE;
				GCC_WARN_UNUSED_FUNCTION = YES;
				GCC_WARN_UNUSED_VARIABLE = YES;
				MACOSX_DEPLOYMENT_TARGET = 10.11;
				MTL_ENABLE_DEBUG_INFO = NO;
				SDKROOT = macosx;
			};
			name = Release;
		};
		183E5BBF1F9C34E5001316C0 /* Debug */ = {
			isa = XCBuildConfiguration;
			buildSettings = {
				HEADER_SEARCH_PATHS = /usr/local/include/;
				LIBRARY_SEARCH_PATHS = /usr/local/lib/;
				PRODUCT_NAME = "$(TARGET_NAME)";
			};
			name = Debug;
		};
		183E5BC01F9C34E5001316C0 /* Release */ = {
			isa = XCBuildConfiguration;
			buildSettings = {
				HEADER_SEARCH_PATHS = /usr/local/include/;
				LIBRARY_SEARCH_PATHS = /usr/local/lib/;
				PRODUCT_NAME = "$(TARGET_NAME)";
			};
			name = Release;
		};
/* End XCBuildConfiguration section */

/* Begin XCConfigurationList section */
		183E5BB21F9C34E5001316C0 /* Build configuration list for PBXProject "MineCraft" */ = {
			isa = XCConfigurationList;
			buildConfigurations = (
				183E5BBC1F9C34E5001316C0 /* Debug */,
				183E5BBD1F9C34E5001316C0 /* Release */,
			);
			defaultConfigurationIsVisible = 0;
			defaultConfigurationName = Release;
		};
		183E5BBE1F9C34E5001316C0 /* Build configuration list for PBXNativeTarget "MineCraft" */ = {
			isa = XCConfigurationList;
			buildConfigurations = (
				183E5BBF1F9C34E5001316C0 /* Debug */,
				183E5BC01F9C34E5001316C0 /* Release */,
			);
			defaultConfigurationIsVisible = 0;
			defaultConfigurationName = Release;
		};
/* End XCConfigurationList section */
	};
	rootObject = 183E5BAF1F9C34E5001316C0 /* Project object */;
}
